# This file is automatically @generated by Cargo.
# It is not intended for manual editing.
version = 3

[[package]]
name = "bitflags"
version = "0.4.0"
source = "registry+https://github.com/rust-lang/crates.io-index"
checksum = "8dead7461c1127cf637931a1e50934eb6eee8bff2f74433ac7909e9afcee04a3"

[[package]]
name = "multiboot2"
version = "0.1.0"
source = "registry+https://github.com/rust-lang/crates.io-index"
checksum = "b209a4456a3cc81fb69ad318ed6d47af81a90b829701f151354e3994d8b216d4"
dependencies = [
 "bitflags",
]

[[package]]
name = "my_os"
version = "0.1.0"
dependencies = [
 "multiboot2",
 "rlibc",
 "spin",
 "volatile",
]

[[package]]
name = "rlibc"
version = "1.0.0"
source = "registry+https://github.com/rust-lang/crates.io-index"
checksum = "fc874b127765f014d792f16763a81245ab80500e2ad921ed4ee9e82481ee08fe"

[[package]]
name = "spin"
version = "0.5.2"
source = "registry+https://github.com/rust-lang/crates.io-index"
checksum = "6e63cff320ae2c57904679ba7cb63280a3dc4613885beafb148ee7bf9aa9042d"

[[package]]
name = "volatile"
version = "0.1.0"
source = "registry+https://github.com/rust-lang/crates.io-index"
checksum = "37c5d76c0f40ba4f8ac10ec4717d4e98ce3e58c5607eea36e9464226fc5e0a95"
